{
    "name": "@cozy-caves/room-generation",
    "version": "1.0.0",
    "lockfileVersion": 2,
    "requires": true,
    "packages": {
        "": {
            "name": "@cozy-caves/room-generation",
            "version": "1.0.0",
            "license": "ISC",
            "dependencies": {
                "@cozy-caves/utils": "^1.0.0",
                "seedrandom": "^3.0.5"
            }
        },
        "node_modules/@cozy-caves/utils": {
            "version": "1.0.0",
            "resolved": "https://registry.npmjs.org/@cozy-caves/utils/-/utils-1.0.0.tgz",
            "integrity": "sha512-d8bJhW4vPUdOxZ1Ww0uRB0GApFpsIVhQMJ84r/jvCf8sgmXDbwPGyOCQCbL/IaBa2/6nBI6cM7GE6rpjqxDjQA=="
        },
        "node_modules/seedrandom": {
            "version": "3.0.5",
            "resolved": "https://registry.npmjs.org/seedrandom/-/seedrandom-3.0.5.tgz",
            "integrity": "sha512-8OwmbklUNzwezjGInmZ+2clQmExQPvomqjL7LFqOYqtmuxRgQYqOD3mHaU+MvZn5FLUeVxVfQjwLZW/n/JFuqg=="
        }
    },
    "dependencies": {
        "@cozy-caves/utils": {
            "version": "1.0.0",
            "resolved": "https://registry.npmjs.org/@cozy-caves/utils/-/utils-1.0.0.tgz",
            "integrity": "sha512-d8bJhW4vPUdOxZ1Ww0uRB0GApFpsIVhQMJ84r/jvCf8sgmXDbwPGyOCQCbL/IaBa2/6nBI6cM7GE6rpjqxDjQA=="
        },
        "seedrandom": {
            "version": "3.0.5",
            "resolved": "https://registry.npmjs.org/seedrandom/-/seedrandom-3.0.5.tgz",
            "integrity": "sha512-8OwmbklUNzwezjGInmZ+2clQmExQPvomqjL7LFqOYqtmuxRgQYqOD3mHaU+MvZn5FLUeVxVfQjwLZW/n/JFuqg=="
        }
    }
}
