{
    "name": "@cozy-caves/room-generation",
    "version": "1.0.0",
    "lockfileVersion": 2,
    "requires": true,
    "packages": {
        "": {
            "name": "@cozy-caves/room-generation",
            "version": "1.0.0",
            "license": "ISC",
            "dependencies": {
                "@cozy-caves/utils": "file:../utils"
            }
        },
        "../utils": {
            "version": "1.0.0",
            "license": "ISC"
        },
        "node_modules/@cozy-caves/utils": {
            "resolved": "../utils",
            "link": true
        }
    },
    "dependencies": {
        "@cozy-caves/utils": {
            "version": "file:../utils"
        }
    }
}
