{
  "name": "@cozy-caves/dungeon-generation",
  "version": "1.0.0",
  "lockfileVersion": 3,
  "requires": true,
  "packages": {
    "": {
      "name": "@cozy-caves/dungeon-generation",
      "version": "1.0.0",
      "license": "ISC",
      "dependencies": {
        "@cozy-caves/room-generation": "^1.0.3",
        "@cozy-caves/utils": "^1.0.2",
        "seedrandom": "^3.0.5"
      }
    },
    "node_modules/@cozy-caves/room-generation": {
      "version": "1.0.4",
      "resolved": "https://registry.npmjs.org/@cozy-caves/room-generation/-/room-generation-1.0.4.tgz",
      "integrity": "sha512-rRnh5ix2w2MXt8iB59MQR4IODaBeohe/a+cM6ZMwcHLtZsfcc7sabepIVGe/Z5ZMTcGBERCWp/Mh3iLkP/cyog==",
      "dependencies": {
        "@cozy-caves/utils": "^1.0.0",
        "seedrandom": "^3.0.5"
      }
    },
    "node_modules/@cozy-caves/utils": {
      "version": "1.0.2",
      "resolved": "https://registry.npmjs.org/@cozy-caves/utils/-/utils-1.0.2.tgz",
      "integrity": "sha512-X7OoYoyv6I5gZ9kQPzVFybL5cogkFj9TVXr9aCX+ri5ruUOFvOecRF53Dh21rb/Hazk/7yCyJhWXDvE9lvVLYQ=="
    },
    "node_modules/seedrandom": {
      "version": "3.0.5",
      "resolved": "https://registry.npmjs.org/seedrandom/-/seedrandom-3.0.5.tgz",
      "integrity": "sha512-8OwmbklUNzwezjGInmZ+2clQmExQPvomqjL7LFqOYqtmuxRgQYqOD3mHaU+MvZn5FLUeVxVfQjwLZW/n/JFuqg=="
    }
  }
}
